
Microsoft Visual Studio Solution File, Format Version 12.00
# Visual Studio 2017
Project("{FAE04EC0-301F-11D3-BF4B-00C04F79EFBC}") = "Super Mario Bros", "Super Mario Bros.csproj", "{6EE4837C-2292-C32C-5904-5A5304ED6B97}"
EndProject
Global
	GlobalSection(SolutionConfigurationPlatforms) = preSolution
		Debug|Any CPU = Debug|Any CPU
		Release|Any CPU = Release|Any CPU
	EndGlobalSection
	GlobalSection(ProjectConfigurationPlatforms) = postSolution
		{6EE4837C-2292-C32C-5904-5A5304ED6B97}.Debug|Any CPU.ActiveCfg = Debug|Any CPU
		{6EE4837C-2292-C32C-5904-5A5304ED6B97}.Debug|Any CPU.Build.0 = Debug|Any CPU
		{6EE4837C-2292-C32C-5904-5A5304ED6B97}.Release|Any CPU.ActiveCfg = Release|Any CPU
		{6EE4837C-2292-C32C-5904-5A5304ED6B97}.Release|Any CPU.Build.0 = Release|Any CPU
	EndGlobalSection
	GlobalSection(SolutionProperties) = preSolution
		HideSolutionNode = FALSE
	EndGlobalSection
EndGlobal
